{
    "_readme": [
        "This file locks the dependencies of your project to a known state",
        "Read more about it at https://getcomposer.org/doc/01-basic-usage.md#composer-lock-the-lock-file",
        "This file is @generated automatically"
    ],
    "content-hash": "f2d06e7f7c184c08620c120db50db04f",
    "packages": [
        {
            "name": "grom358/pharborist",
            "version": "dev-master",
            "source": {
                "type": "git",
                "url": "https://github.com/grom358/pharborist.git",
                "reference": "0db9e51299a80e95b06857ed1809f59bbbab1af6"
            },
            "dist": {
                "type": "zip",
                "url": "https://api.github.com/repos/grom358/pharborist/zipball/0db9e51299a80e95b06857ed1809f59bbbab1af6",
                "reference": "0db9e51299a80e95b06857ed1809f59bbbab1af6",
                "shasum": ""
            },
            "require": {
                "php": ">=5.4",
                "phpdocumentor/reflection-docblock": "2.0.*"
            },
            "require-dev": {
                "apigen/apigen": "2.8.*",
                "phpunit/phpunit": "4.2.*"
            },
            "type": "library",
            "autoload": {
                "psr-4": {
                    "Pharborist\\": "src/"
                }
            },
            "notification-url": "https://packagist.org/downloads/",
            "license": [
                "GPL"
            ],
            "authors": [
                {
                    "name": "Cameron Zemek",
                    "role": "lead"
                }
            ],
            "description": "Pharborist builds a syntax tree for PHP that can be traversed and manipulated.",
            "keywords": [
                "standards",
                "syntax"
            ],
            "time": "2015-09-20 22:14:29"
        },
        {
            "name": "phpdocumentor/reflection-docblock",
            "version": "2.0.5",
            "source": {
                "type": "git",
                "url": "https://github.com/phpDocumentor/ReflectionDocBlock.git",
                "reference": "e6a969a640b00d8daa3c66518b0405fb41ae0c4b"
            },
            "dist": {
                "type": "zip",
                "url": "https://api.github.com/repos/phpDocumentor/ReflectionDocBlock/zipball/e6a969a640b00d8daa3c66518b0405fb41ae0c4b",
                "reference": "e6a969a640b00d8daa3c66518b0405fb41ae0c4b",
                "shasum": ""
            },
            "require": {
                "php": ">=5.3.3"
            },
            "require-dev": {
                "phpunit/phpunit": "~4.0"
            },
            "suggest": {
                "dflydev/markdown": "~1.0",
                "erusev/parsedown": "~1.0"
            },
            "type": "library",
            "extra": {
                "branch-alias": {
                    "dev-master": "2.0.x-dev"
                }
            },
            "autoload": {
                "psr-0": {
                    "phpDocumentor": [
                        "src/"
                    ]
                }
            },
            "notification-url": "https://packagist.org/downloads/",
            "license": [
                "MIT"
            ],
            "authors": [
                {
                    "name": "Mike van Riel",
                    "email": "mike.vanriel@naenius.com"
                }
            ],
            "time": "2016-01-25T08:17:30+00:00"
        }
    ],
    "packages-dev": [],
    "aliases": [],
    "minimum-stability": "dev",
    "stability-flags": {
        "grom358/pharborist": 20
    },
    "prefer-stable": false,
    "prefer-lowest": false,
    "platform": [],
    "platform-dev": []
}
